
Microsoft Visual Studio Solution File, Format Version 12.00
# Visual Studio 2012
Project("{8BC9CEB8-8B4A-11D0-8D11-00A0C91BC942}") = "DataStructuresINC++", "DataStructuresINC++\DataStructuresINC++.vcxproj", "{52404AC8-E50A-4E41-BFBC-61007E396B45}"
EndProject
Global
	GlobalSection(SolutionConfigurationPlatforms) = preSolution
		Debug|Win32 = Debug|Win32
		Release|Win32 = Release|Win32
	EndGlobalSection
	GlobalSection(ProjectConfigurationPlatforms) = postSolution
		{52404AC8-E50A-4E41-BFBC-61007E396B45}.Debug|Win32.ActiveCfg = Debug|Win32
		{52404AC8-E50A-4E41-BFBC-61007E396B45}.Debug|Win32.Build.0 = Debug|Win32
		{52404AC8-E50A-4E41-BFBC-61007E396B45}.Release|Win32.ActiveCfg = Release|Win32
		{52404AC8-E50A-4E41-BFBC-61007E396B45}.Release|Win32.Build.0 = Release|Win32
	EndGlobalSection
	GlobalSection(SolutionProperties) = preSolution
		HideSolutionNode = FALSE
	EndGlobalSection
EndGlobal
